// !$*UTF8*$!
{
	archiveVersion = 1;
	classes = {
	};
	objectVersion = 46;
	objects = {

/* Begin PBXBuildFile section */
		3876978A1CC82F910028D10B /* AppDelegate.swift in Sources */ = {isa = PBXBuildFile; fileRef = 387697891CC82F910028D10B /* AppDelegate.swift */; };
		3876978C1CC82F910028D10B /* LocalAuthViewController.swift in Sources */ = {isa = PBXBuildFile; fileRef = 3876978B1CC82F910028D10B /* LocalAuthViewController.swift */; };
		3876978F1CC82F910028D10B /* Main.storyboard in Resources */ = {isa = PBXBuildFile; fileRef = 3876978D1CC82F910028D10B /* Main.storyboard */; };
		387697911CC82F910028D10B /* Assets.xcassets in Resources */ = {isa = PBXBuildFile; fileRef = 387697901CC82F910028D10B /* Assets.xcassets */; };
		387697941CC82F910028D10B /* LaunchScreen.storyboard in Resources */ = {isa = PBXBuildFile; fileRef = 387697921CC82F910028D10B /* LaunchScreen.storyboard */; };
		3876979C1CC83D3C0028D10B /* KeychainWrapper.swift in Sources */ = {isa = PBXBuildFile; fileRef = 3876979B1CC83D3C0028D10B /* KeychainWrapper.swift */; };
		3876979F1CCE6CBD0028D10B /* UITextView+.swift in Sources */ = {isa = PBXBuildFile; fileRef = 3876979E1CCE6CBD0028D10B /* UITextView+.swift */; };
		387697A11CCE6E240028D10B /* UIView+.swift in Sources */ = {isa = PBXBuildFile; fileRef = 387697A01CCE6E240028D10B /* UIView+.swift */; };
		387697A31CCE6EBB0028D10B /* KeychainWrapper+.swift in Sources */ = {isa = PBXBuildFile; fileRef = 387697A21CCE6EBB0028D10B /* KeychainWrapper+.swift */; };
/* End PBXBuildFile section */

/* Begin PBXFileReference section */
		387697861CC82F910028D10B /* JSTouchID.app */ = {isa = PBXFileReference; explicitFileType = wrapper.application; includeInIndex = 0; path = JSTouchID.app; sourceTree = BUILT_PRODUCTS_DIR; };
		387697891CC82F910028D10B /* AppDelegate.swift */ = {isa = PBXFileReference; lastKnownFileType = sourcecode.swift; path = AppDelegate.swift; sourceTree = "<group>"; };
		3876978B1CC82F910028D10B /* LocalAuthViewController.swift */ = {isa = PBXFileReference; lastKnownFileType = sourcecode.swift; path = LocalAuthViewController.swift; sourceTree = "<group>"; };
		3876978E1CC82F910028D10B /* Base */ = {isa = PBXFileReference; lastKnownFileType = file.storyboard; name = Base; path = Base.lproj/Main.storyboard; sourceTree = "<group>"; };
		387697901CC82F910028D10B /* Assets.xcassets */ = {isa = PBXFileReference; lastKnownFileType = folder.assetcatalog; path = Assets.xcassets; sourceTree = "<group>"; };
		387697931CC82F910028D10B /* Base */ = {isa = PBXFileReference; lastKnownFileType = file.storyboard; name = Base; path = Base.lproj/LaunchScreen.storyboard; sourceTree = "<group>"; };
		387697951CC82F910028D10B /* Info.plist */ = {isa = PBXFileReference; lastKnownFileType = text.plist.xml; path = Info.plist; sourceTree = "<group>"; };
		3876979B1CC83D3C0028D10B /* KeychainWrapper.swift */ = {isa = PBXFileReference; fileEncoding = 4; lastKnownFileType = sourcecode.swift; path = KeychainWrapper.swift; sourceTree = "<group>"; };
		3876979E1CCE6CBD0028D10B /* UITextView+.swift */ = {isa = PBXFileReference; fileEncoding = 4; lastKnownFileType = sourcecode.swift; path = "UITextView+.swift"; sourceTree = "<group>"; };
		387697A01CCE6E240028D10B /* UIView+.swift */ = {isa = PBXFileReference; fileEncoding = 4; lastKnownFileType = sourcecode.swift; path = "UIView+.swift"; sourceTree = "<group>"; };
		387697A21CCE6EBB0028D10B /* KeychainWrapper+.swift */ = {isa = PBXFileReference; fileEncoding = 4; lastKnownFileType = sourcecode.swift; path = "KeychainWrapper+.swift"; sourceTree = "<group>"; };
/* End PBXFileReference section */

/* Begin PBXFrameworksBuildPhase section */
		387697831CC82F910028D10B /* Frameworks */ = {
			isa = PBXFrameworksBuildPhase;
			buildActionMask = 2147483647;
			files = (
			);
			runOnlyForDeploymentPostprocessing = 0;
		};
/* End PBXFrameworksBuildPhase section */

/* Begin PBXGroup section */
		3876977D1CC82F910028D10B = {
			isa = PBXGroup;
			children = (
				387697881CC82F910028D10B /* JSTouchID */,
				387697871CC82F910028D10B /* Products */,
			);
			sourceTree = "<group>";
		};
		387697871CC82F910028D10B /* Products */ = {
			isa = PBXGroup;
			children = (
				387697861CC82F910028D10B /* JSTouchID.app */,
			);
			name = Products;
			sourceTree = "<group>";
		};
		387697881CC82F910028D10B /* JSTouchID */ = {
			isa = PBXGroup;
			children = (
				387697891CC82F910028D10B /* AppDelegate.swift */,
				3876978D1CC82F910028D10B /* Main.storyboard */,
				3876978B1CC82F910028D10B /* LocalAuthViewController.swift */,
				3876979B1CC83D3C0028D10B /* KeychainWrapper.swift */,
				3876979D1CCE6C620028D10B /* Extensions */,
				387697901CC82F910028D10B /* Assets.xcassets */,
				387697921CC82F910028D10B /* LaunchScreen.storyboard */,
				387697951CC82F910028D10B /* Info.plist */,
			);
			path = JSTouchID;
			sourceTree = "<group>";
		};
		3876979D1CCE6C620028D10B /* Extensions */ = {
			isa = PBXGroup;
			children = (
				3876979E1CCE6CBD0028D10B /* UITextView+.swift */,
				387697A01CCE6E240028D10B /* UIView+.swift */,
				387697A21CCE6EBB0028D10B /* KeychainWrapper+.swift */,
			);
			name = Extensions;
			sourceTree = "<group>";
		};
/* End PBXGroup section */

/* Begin PBXNativeTarget section */
		387697851CC82F910028D10B /* JSTouchID */ = {
			isa = PBXNativeTarget;
			buildConfigurationList = 387697981CC82F910028D10B /* Build configuration list for PBXNativeTarget "JSTouchID" */;
			buildPhases = (
				387697821CC82F910028D10B /* Sources */,
				387697831CC82F910028D10B /* Frameworks */,
				387697841CC82F910028D10B /* Resources */,
			);
			buildRules = (
			);
			dependencies = (
			);
			name = JSTouchID;
			productName = JSTouchID;
			productReference = 387697861CC82F910028D10B /* JSTouchID.app */;
			productType = "com.apple.product-type.application";
		};
/* End PBXNativeTarget section */

/* Begin PBXProject section */
		3876977E1CC82F910028D10B /* Project object */ = {
			isa = PBXProject;
			attributes = {
				LastSwiftUpdateCheck = 0730;
				LastUpgradeCheck = 0730;
				ORGANIZATIONNAME = Jim;
				TargetAttributes = {
					387697851CC82F910028D10B = {
						CreatedOnToolsVersion = 7.3;
						DevelopmentTeam = 64MGS82ZT3;
					};
				};
			};
			buildConfigurationList = 387697811CC82F910028D10B /* Build configuration list for PBXProject "JSTouchID" */;
			compatibilityVersion = "Xcode 3.2";
			developmentRegion = English;
			hasScannedForEncodings = 0;
			knownRegions = (
				en,
				Base,
			);
			mainGroup = 3876977D1CC82F910028D10B;
			productRefGroup = 387697871CC82F910028D10B /* Products */;
			projectDirPath = "";
			projectRoot = "";
			targets = (
				387697851CC82F910028D10B /* JSTouchID */,
			);
		};
/* End PBXProject section */

/* Begin PBXResourcesBuildPhase section */
		387697841CC82F910028D10B /* Resources */ = {
			isa = PBXResourcesBuildPhase;
			buildActionMask = 2147483647;
			files = (
				387697941CC82F910028D10B /* LaunchScreen.storyboard in Resources */,
				387697911CC82F910028D10B /* Assets.xcassets in Resources */,
				3876978F1CC82F910028D10B /* Main.storyboard in Resources */,
			);
			runOnlyForDeploymentPostprocessing = 0;
		};
/* End PBXResourcesBuildPhase section */

/* Begin PBXSourcesBuildPhase section */
		387697821CC82F910028D10B /* Sources */ = {
			isa = PBXSourcesBuildPhase;
			buildActionMask = 2147483647;
			files = (
				3876979C1CC83D3C0028D10B /* KeychainWrapper.swift in Sources */,
				387697A31CCE6EBB0028D10B /* KeychainWrapper+.swift in Sources */,
				3876979F1CCE6CBD0028D10B /* UITextView+.swift in Sources */,
				3876978C1CC82F910028D10B /* LocalAuthViewController.swift in Sources */,
				3876978A1CC82F910028D10B /* AppDelegate.swift in Sources */,
				387697A11CCE6E240028D10B /* UIView+.swift in Sources */,
			);
			runOnlyForDeploymentPostprocessing = 0;
		};
/* End PBXSourcesBuildPhase section */

/* Begin PBXVariantGroup section */
		3876978D1CC82F910028D10B /* Main.storyboard */ = {
			isa = PBXVariantGroup;
			children = (
				3876978E1CC82F910028D10B /* Base */,
			);
			name = Main.storyboard;
			sourceTree = "<group>";
		};
		387697921CC82F910028D10B /* LaunchScreen.storyboard */ = {
			isa = PBXVariantGroup;
			children = (
				387697931CC82F910028D10B /* Base */,
			);
			name = LaunchScreen.storyboard;
			sourceTree = "<group>";
		};
/* End PBXVariantGroup section */

/* Begin XCBuildConfiguration section */
		387697961CC82F910028D10B /* Debug */ = {
			isa = XCBuildConfiguration;
			buildSettings = {
				ALWAYS_SEARCH_USER_PATHS = NO;
				CLANG_ANALYZER_NONNULL = YES;
				CLANG_CXX_LANGUAGE_STANDARD = "gnu++0x";
				CLANG_CXX_LIBRARY = "libc++";
				CLANG_ENABLE_MODULES = YES;
				CLANG_ENABLE_OBJC_ARC = YES;
				CLANG_WARN_BOOL_CONVERSION = YES;
				CLANG_WARN_CONSTANT_CONVERSION = YES;
				CLANG_WARN_DIRECT_OBJC_ISA_USAGE = YES_ERROR;
				CLANG_WARN_EMPTY_BODY = YES;
				CLANG_WARN_ENUM_CONVERSION = YES;
				CLANG_WARN_INT_CONVERSION = YES;
				CLANG_WARN_OBJC_ROOT_CLASS = YES_ERROR;
				CLANG_WARN_UNREACHABLE_CODE = YES;
				CLANG_WARN__DUPLICATE_METHOD_MATCH = YES;
				"CODE_SIGN_IDENTITY[sdk=iphoneos*]" = "iPhone Developer";
				COPY_PHASE_STRIP = NO;
				DEBUG_INFORMATION_FORMAT = dwarf;
				ENABLE_STRICT_OBJC_MSGSEND = YES;
				ENABLE_TESTABILITY = YES;
				GCC_C_LANGUAGE_STANDARD = gnu99;
				GCC_DYNAMIC_NO_PIC = NO;
				GCC_NO_COMMON_BLOCKS = YES;
				GCC_OPTIMIZATION_LEVEL = 0;
				GCC_PREPROCESSOR_DEFINITIONS = (
					"DEBUG=1",
					"$(inherited)",
				);
				GCC_WARN_64_TO_32_BIT_CONVERSION = YES;
				GCC_WARN_ABOUT_RETURN_TYPE = YES_ERROR;
				GCC_WARN_UNDECLARED_SELECTOR = YES;
				GCC_WARN_UNINITIALIZED_AUTOS = YES_AGGRESSIVE;
				GCC_WARN_UNUSED_FUNCTION = YES;
				GCC_WARN_UNUSED_VARIABLE = YES;
				IPHONEOS_DEPLOYMENT_TARGET = 9.3;
				MTL_ENABLE_DEBUG_INFO = YES;
				ONLY_ACTIVE_ARCH = YES;
				SDKROOT = iphoneos;
				SWIFT_OPTIMIZATION_LEVEL = "-Onone";
				TARGETED_DEVICE_FAMILY = "1,2";
			};
			name = Debug;
		};
		387697971CC82F910028D10B /* Release */ = {
			isa = XCBuildConfiguration;
			buildSettings = {
				ALWAYS_SEARCH_USER_PATHS = NO;
				CLANG_ANALYZER_NONNULL = YES;
				CLANG_CXX_LANGUAGE_STANDARD = "gnu++0x";
				CLANG_CXX_LIBRARY = "libc++";
				CLANG_ENABLE_MODULES = YES;
				CLANG_ENABLE_OBJC_ARC = YES;
				CLANG_WARN_BOOL_CONVERSION = YES;
				CLANG_WARN_CONSTANT_CONVERSION = YES;
				CLANG_WARN_DIRECT_OBJC_ISA_USAGE = YES_ERROR;
				CLANG_WARN_EMPTY_BODY = YES;
				CLANG_WARN_ENUM_CONVERSION = YES;
				CLANG_WARN_INT_CONVERSION = YES;
				CLANG_WARN_OBJC_ROOT_CLASS = YES_ERROR;
				CLANG_WARN_UNREACHABLE_CODE = YES;
				CLANG_WARN__DUPLICATE_METHOD_MATCH = YES;
				"CODE_SIGN_IDENTITY[sdk=iphoneos*]" = "iPhone Developer";
				COPY_PHASE_STRIP = NO;
				DEBUG_INFORMATION_FORMAT = "dwarf-with-dsym";
				ENABLE_NS_ASSERTIONS = NO;
				ENABLE_STRICT_OBJC_MSGSEND = YES;
				GCC_C_LANGUAGE_STANDARD = gnu99;
				GCC_NO_COMMON_BLOCKS = YES;
				GCC_WARN_64_TO_32_BIT_CONVERSION = YES;
				GCC_WARN_ABOUT_RETURN_TYPE = YES_ERROR;
				GCC_WARN_UNDECLARED_SELECTOR = YES;
				GCC_WARN_UNINITIALIZED_AUTOS = YES_AGGRESSIVE;
				GCC_WARN_UNUSED_FUNCTION = YES;
				GCC_WARN_UNUSED_VARIABLE = YES;
				IPHONEOS_DEPLOYMENT_TARGET = 9.3;
				MTL_ENABLE_DEBUG_INFO = NO;
				SDKROOT = iphoneos;
				TARGETED_DEVICE_FAMILY = "1,2";
				VALIDATE_PRODUCT = YES;
			};
			name = Release;
		};
		387697991CC82F910028D10B /* Debug */ = {
			isa = XCBuildConfiguration;
			buildSettings = {
				ASSETCATALOG_COMPILER_APPICON_NAME = AppIcon;
				CODE_SIGN_IDENTITY = "iPhone Developer";
				INFOPLIST_FILE = JSTouchID/Info.plist;
				IPHONEOS_DEPLOYMENT_TARGET = 8.0;
				LD_RUNPATH_SEARCH_PATHS = "$(inherited) @executable_path/Frameworks";
				PRODUCT_BUNDLE_IDENTIFIER = com.mutualmobile.touchIDTester;
				PRODUCT_NAME = "$(TARGET_NAME)";
			};
			name = Debug;
		};
		3876979A1CC82F910028D10B /* Release */ = {
			isa = XCBuildConfiguration;
			buildSettings = {
				ASSETCATALOG_COMPILER_APPICON_NAME = AppIcon;
				CODE_SIGN_IDENTITY = "iPhone Developer";
				INFOPLIST_FILE = JSTouchID/Info.plist;
				IPHONEOS_DEPLOYMENT_TARGET = 8.0;
				LD_RUNPATH_SEARCH_PATHS = "$(inherited) @executable_path/Frameworks";
				PRODUCT_BUNDLE_IDENTIFIER = com.mutualmobile.touchIDTester;
				PRODUCT_NAME = "$(TARGET_NAME)";
			};
			name = Release;
		};
/* End XCBuildConfiguration section */

/* Begin XCConfigurationList section */
		387697811CC82F910028D10B /* Build configuration list for PBXProject "JSTouchID" */ = {
			isa = XCConfigurationList;
			buildConfigurations = (
				387697961CC82F910028D10B /* Debug */,
				387697971CC82F910028D10B /* Release */,
			);
			defaultConfigurationIsVisible = 0;
			defaultConfigurationName = Release;
		};
		387697981CC82F910028D10B /* Build configuration list for PBXNativeTarget "JSTouchID" */ = {
			isa = XCConfigurationList;
			buildConfigurations = (
				387697991CC82F910028D10B /* Debug */,
				3876979A1CC82F910028D10B /* Release */,
			);
			defaultConfigurationIsVisible = 0;
			defaultConfigurationName = Release;
		};
/* End XCConfigurationList section */
	};
	rootObject = 3876977E1CC82F910028D10B /* Project object */;
}
